
Microsoft Visual Studio Solution File, Format Version 12.00
# Visual Studio Version 17
VisualStudioVersion = 17.7.34031.279
MinimumVisualStudioVersion = 10.0.40219.1
Project("{F184B08F-C81C-45F6-A57F-5ABD9991F28F}") = "PIA", "PIA\PIA.vbproj", "{272D3226-4034-4D88-840D-5A44FA458171}"
EndProject
Global
	GlobalSection(SolutionConfigurationPlatforms) = preSolution
		Debug|Any CPU = Debug|Any CPU
		Release|Any CPU = Release|Any CPU
	EndGlobalSection
	GlobalSection(ProjectConfigurationPlatforms) = postSolution
		{272D3226-4034-4D88-840D-5A44FA458171}.Debug|Any CPU.ActiveCfg = Debug|Any CPU
		{272D3226-4034-4D88-840D-5A44FA458171}.Debug|Any CPU.Build.0 = Debug|Any CPU
		{272D3226-4034-4D88-840D-5A44FA458171}.Release|Any CPU.ActiveCfg = Release|Any CPU
		{272D3226-4034-4D88-840D-5A44FA458171}.Release|Any CPU.Build.0 = Release|Any CPU
	EndGlobalSection
	GlobalSection(SolutionProperties) = preSolution
		HideSolutionNode = FALSE
	EndGlobalSection
	GlobalSection(ExtensibilityGlobals) = postSolution
		SolutionGuid = {A7E55573-B9C0-47E5-93C9-3066D388EC20}
	EndGlobalSection
EndGlobal
